
Microsoft Visual Studio Solution File, Format Version 12.00
# Visual Studio Version 17
VisualStudioVersion = 17.0.31903.59
MinimumVisualStudioVersion = 10.0.40219.1
Project("{2150E333-8FDC-42A3-9474-1A3956D46DE8}") = "src", "src", "{CCE21C8A-CFF4-4D85-95B7-8BD01CBC71D6}"
EndProject
Project("{FAE04EC0-301F-11D3-BF4B-00C04F79EFBC}") = "GameService", "src\GameService\GameService.csproj", "{1C8D5E2D-9A23-474D-A74C-7E48DF79185A}"
EndProject
Project("{FAE04EC0-301F-11D3-BF4B-00C04F79EFBC}") = "Contracts", "src\contracts\Contracts.csproj", "{D4F3BEFF-ACAA-4331-8A41-CB75D3B1955D}"
EndProject
Project("{FAE04EC0-301F-11D3-BF4B-00C04F79EFBC}") = "SearchService", "src\SearchService\SearchService.csproj", "{90E9ED30-CFAB-4047-8E1A-315C7CE8094E}"
EndProject
Project("{FAE04EC0-301F-11D3-BF4B-00C04F79EFBC}") = "FilterService", "src\FilterService\FilterService.csproj", "{DA1F2444-2DA4-448E-A9B6-BB116C810069}"
EndProject
Project("{FAE04EC0-301F-11D3-BF4B-00C04F79EFBC}") = "IdentityService", "src\IdentityService\IdentityService.csproj", "{387148E8-FDB3-4252-BFDB-4AA06678E26B}"
EndProject
Global
	GlobalSection(SolutionConfigurationPlatforms) = preSolution
		Debug|Any CPU = Debug|Any CPU
		Release|Any CPU = Release|Any CPU
	EndGlobalSection
	GlobalSection(SolutionProperties) = preSolution
		HideSolutionNode = FALSE
	EndGlobalSection
	GlobalSection(ProjectConfigurationPlatforms) = postSolution
		{1C8D5E2D-9A23-474D-A74C-7E48DF79185A}.Debug|Any CPU.ActiveCfg = Debug|Any CPU
		{1C8D5E2D-9A23-474D-A74C-7E48DF79185A}.Debug|Any CPU.Build.0 = Debug|Any CPU
		{1C8D5E2D-9A23-474D-A74C-7E48DF79185A}.Release|Any CPU.ActiveCfg = Release|Any CPU
		{1C8D5E2D-9A23-474D-A74C-7E48DF79185A}.Release|Any CPU.Build.0 = Release|Any CPU
		{D4F3BEFF-ACAA-4331-8A41-CB75D3B1955D}.Debug|Any CPU.ActiveCfg = Debug|Any CPU
		{D4F3BEFF-ACAA-4331-8A41-CB75D3B1955D}.Debug|Any CPU.Build.0 = Debug|Any CPU
		{D4F3BEFF-ACAA-4331-8A41-CB75D3B1955D}.Release|Any CPU.ActiveCfg = Release|Any CPU
		{D4F3BEFF-ACAA-4331-8A41-CB75D3B1955D}.Release|Any CPU.Build.0 = Release|Any CPU
		{90E9ED30-CFAB-4047-8E1A-315C7CE8094E}.Debug|Any CPU.ActiveCfg = Debug|Any CPU
		{90E9ED30-CFAB-4047-8E1A-315C7CE8094E}.Debug|Any CPU.Build.0 = Debug|Any CPU
		{90E9ED30-CFAB-4047-8E1A-315C7CE8094E}.Release|Any CPU.ActiveCfg = Release|Any CPU
		{90E9ED30-CFAB-4047-8E1A-315C7CE8094E}.Release|Any CPU.Build.0 = Release|Any CPU
		{DA1F2444-2DA4-448E-A9B6-BB116C810069}.Debug|Any CPU.ActiveCfg = Debug|Any CPU
		{DA1F2444-2DA4-448E-A9B6-BB116C810069}.Debug|Any CPU.Build.0 = Debug|Any CPU
		{DA1F2444-2DA4-448E-A9B6-BB116C810069}.Release|Any CPU.ActiveCfg = Release|Any CPU
		{DA1F2444-2DA4-448E-A9B6-BB116C810069}.Release|Any CPU.Build.0 = Release|Any CPU
		{387148E8-FDB3-4252-BFDB-4AA06678E26B}.Debug|Any CPU.ActiveCfg = Debug|Any CPU
		{387148E8-FDB3-4252-BFDB-4AA06678E26B}.Debug|Any CPU.Build.0 = Debug|Any CPU
		{387148E8-FDB3-4252-BFDB-4AA06678E26B}.Release|Any CPU.ActiveCfg = Release|Any CPU
		{387148E8-FDB3-4252-BFDB-4AA06678E26B}.Release|Any CPU.Build.0 = Release|Any CPU
	EndGlobalSection
	GlobalSection(NestedProjects) = preSolution
		{1C8D5E2D-9A23-474D-A74C-7E48DF79185A} = {CCE21C8A-CFF4-4D85-95B7-8BD01CBC71D6}
		{D4F3BEFF-ACAA-4331-8A41-CB75D3B1955D} = {CCE21C8A-CFF4-4D85-95B7-8BD01CBC71D6}
		{90E9ED30-CFAB-4047-8E1A-315C7CE8094E} = {CCE21C8A-CFF4-4D85-95B7-8BD01CBC71D6}
		{DA1F2444-2DA4-448E-A9B6-BB116C810069} = {CCE21C8A-CFF4-4D85-95B7-8BD01CBC71D6}
		{387148E8-FDB3-4252-BFDB-4AA06678E26B} = {CCE21C8A-CFF4-4D85-95B7-8BD01CBC71D6}
	EndGlobalSection
EndGlobal
